
Microsoft Visual Studio Solution File, Format Version 12.00
# Visual Studio Version 17
VisualStudioVersion = 17.9.34728.123
MinimumVisualStudioVersion = 10.0.40219.1
Project("{FAE04EC0-301F-11D3-BF4B-00C04F79EFBC}") = "Task1", "Task1\Task1.csproj", "{078DB84C-A94B-4675-931F-5944718ED1D9}"
EndProject
Project("{FAE04EC0-301F-11D3-BF4B-00C04F79EFBC}") = "Task2", "Task2\Task2.csproj", "{0994C689-8507-44B4-98DF-0DA9E2859236}"
EndProject
Project("{FAE04EC0-301F-11D3-BF4B-00C04F79EFBC}") = "Task3", "Task3\Task3.csproj", "{15856BE8-67CE-48C8-8F5E-3DC1C44F7881}"
EndProject
Project("{FAE04EC0-301F-11D3-BF4B-00C04F79EFBC}") = "Task4", "Task4\Task4.csproj", "{D7C52BA5-624A-45D7-AA13-60A005E248DD}"
EndProject
Project("{FAE04EC0-301F-11D3-BF4B-00C04F79EFBC}") = "Task5", "Task5\Task5.csproj", "{D22CF7D2-CC60-4290-8FDE-8C3139088363}"
EndProject
Project("{FAE04EC0-301F-11D3-BF4B-00C04F79EFBC}") = "Task6", "Task6\Task6.csproj", "{8E51A5DB-B24C-4CC5-A8B0-B9D5CFDB9A82}"
EndProject
Project("{FAE04EC0-301F-11D3-BF4B-00C04F79EFBC}") = "Task7", "Task7\Task7.csproj", "{9D0AD29C-B8AB-43F4-BADC-CF7C31C5586E}"
EndProject
Global
	GlobalSection(SolutionConfigurationPlatforms) = preSolution
		Debug|Any CPU = Debug|Any CPU
		Release|Any CPU = Release|Any CPU
	EndGlobalSection
	GlobalSection(ProjectConfigurationPlatforms) = postSolution
		{078DB84C-A94B-4675-931F-5944718ED1D9}.Debug|Any CPU.ActiveCfg = Debug|Any CPU
		{078DB84C-A94B-4675-931F-5944718ED1D9}.Debug|Any CPU.Build.0 = Debug|Any CPU
		{078DB84C-A94B-4675-931F-5944718ED1D9}.Release|Any CPU.ActiveCfg = Release|Any CPU
		{078DB84C-A94B-4675-931F-5944718ED1D9}.Release|Any CPU.Build.0 = Release|Any CPU
		{0994C689-8507-44B4-98DF-0DA9E2859236}.Debug|Any CPU.ActiveCfg = Debug|Any CPU
		{0994C689-8507-44B4-98DF-0DA9E2859236}.Debug|Any CPU.Build.0 = Debug|Any CPU
		{0994C689-8507-44B4-98DF-0DA9E2859236}.Release|Any CPU.ActiveCfg = Release|Any CPU
		{0994C689-8507-44B4-98DF-0DA9E2859236}.Release|Any CPU.Build.0 = Release|Any CPU
		{15856BE8-67CE-48C8-8F5E-3DC1C44F7881}.Debug|Any CPU.ActiveCfg = Debug|Any CPU
		{15856BE8-67CE-48C8-8F5E-3DC1C44F7881}.Debug|Any CPU.Build.0 = Debug|Any CPU
		{15856BE8-67CE-48C8-8F5E-3DC1C44F7881}.Release|Any CPU.ActiveCfg = Release|Any CPU
		{15856BE8-67CE-48C8-8F5E-3DC1C44F7881}.Release|Any CPU.Build.0 = Release|Any CPU
		{D7C52BA5-624A-45D7-AA13-60A005E248DD}.Debug|Any CPU.ActiveCfg = Debug|Any CPU
		{D7C52BA5-624A-45D7-AA13-60A005E248DD}.Debug|Any CPU.Build.0 = Debug|Any CPU
		{D7C52BA5-624A-45D7-AA13-60A005E248DD}.Release|Any CPU.ActiveCfg = Release|Any CPU
		{D7C52BA5-624A-45D7-AA13-60A005E248DD}.Release|Any CPU.Build.0 = Release|Any CPU
		{D22CF7D2-CC60-4290-8FDE-8C3139088363}.Debug|Any CPU.ActiveCfg = Debug|Any CPU
		{D22CF7D2-CC60-4290-8FDE-8C3139088363}.Debug|Any CPU.Build.0 = Debug|Any CPU
		{D22CF7D2-CC60-4290-8FDE-8C3139088363}.Release|Any CPU.ActiveCfg = Release|Any CPU
		{D22CF7D2-CC60-4290-8FDE-8C3139088363}.Release|Any CPU.Build.0 = Release|Any CPU
		{8E51A5DB-B24C-4CC5-A8B0-B9D5CFDB9A82}.Debug|Any CPU.ActiveCfg = Debug|Any CPU
		{8E51A5DB-B24C-4CC5-A8B0-B9D5CFDB9A82}.Debug|Any CPU.Build.0 = Debug|Any CPU
		{8E51A5DB-B24C-4CC5-A8B0-B9D5CFDB9A82}.Release|Any CPU.ActiveCfg = Release|Any CPU
		{8E51A5DB-B24C-4CC5-A8B0-B9D5CFDB9A82}.Release|Any CPU.Build.0 = Release|Any CPU
		{9D0AD29C-B8AB-43F4-BADC-CF7C31C5586E}.Debug|Any CPU.ActiveCfg = Debug|Any CPU
		{9D0AD29C-B8AB-43F4-BADC-CF7C31C5586E}.Debug|Any CPU.Build.0 = Debug|Any CPU
		{9D0AD29C-B8AB-43F4-BADC-CF7C31C5586E}.Release|Any CPU.ActiveCfg = Release|Any CPU
		{9D0AD29C-B8AB-43F4-BADC-CF7C31C5586E}.Release|Any CPU.Build.0 = Release|Any CPU
	EndGlobalSection
	GlobalSection(SolutionProperties) = preSolution
		HideSolutionNode = FALSE
	EndGlobalSection
	GlobalSection(ExtensibilityGlobals) = postSolution
		SolutionGuid = {FA176427-5718-4E94-9016-DEB84CB1DB53}
	EndGlobalSection
EndGlobal
