
Microsoft Visual Studio Solution File, Format Version 12.00
# Visual Studio Version 17
VisualStudioVersion = 17.9.34728.123
MinimumVisualStudioVersion = 10.0.40219.1
Project("{FAE04EC0-301F-11D3-BF4B-00C04F79EFBC}") = "Task1", "Task1\Task1.csproj", "{6591F105-511B-437F-BE6F-E08BE95E3407}"
EndProject
Project("{FAE04EC0-301F-11D3-BF4B-00C04F79EFBC}") = "Task2", "Task2\Task2.csproj", "{F941F6E5-4C2E-463F-BCC1-3979082F8D3C}"
EndProject
Project("{FAE04EC0-301F-11D3-BF4B-00C04F79EFBC}") = "Task3", "Task3\Task3.csproj", "{B4DC73CF-6FEF-4714-9E78-857B0CA819C0}"
EndProject
Project("{FAE04EC0-301F-11D3-BF4B-00C04F79EFBC}") = "Task4", "Task4\Task4.csproj", "{6C126D61-93E0-4427-AB53-B4C451A105A2}"
EndProject
Project("{FAE04EC0-301F-11D3-BF4B-00C04F79EFBC}") = "Task5", "Task5\Task5.csproj", "{CFD839F0-7972-4D60-8859-E87044826759}"
EndProject
Global
	GlobalSection(SolutionConfigurationPlatforms) = preSolution
		Debug|Any CPU = Debug|Any CPU
		Release|Any CPU = Release|Any CPU
	EndGlobalSection
	GlobalSection(ProjectConfigurationPlatforms) = postSolution
		{6591F105-511B-437F-BE6F-E08BE95E3407}.Debug|Any CPU.ActiveCfg = Debug|Any CPU
		{6591F105-511B-437F-BE6F-E08BE95E3407}.Debug|Any CPU.Build.0 = Debug|Any CPU
		{6591F105-511B-437F-BE6F-E08BE95E3407}.Release|Any CPU.ActiveCfg = Release|Any CPU
		{6591F105-511B-437F-BE6F-E08BE95E3407}.Release|Any CPU.Build.0 = Release|Any CPU
		{F941F6E5-4C2E-463F-BCC1-3979082F8D3C}.Debug|Any CPU.ActiveCfg = Debug|Any CPU
		{F941F6E5-4C2E-463F-BCC1-3979082F8D3C}.Debug|Any CPU.Build.0 = Debug|Any CPU
		{F941F6E5-4C2E-463F-BCC1-3979082F8D3C}.Release|Any CPU.ActiveCfg = Release|Any CPU
		{F941F6E5-4C2E-463F-BCC1-3979082F8D3C}.Release|Any CPU.Build.0 = Release|Any CPU
		{B4DC73CF-6FEF-4714-9E78-857B0CA819C0}.Debug|Any CPU.ActiveCfg = Debug|Any CPU
		{B4DC73CF-6FEF-4714-9E78-857B0CA819C0}.Debug|Any CPU.Build.0 = Debug|Any CPU
		{B4DC73CF-6FEF-4714-9E78-857B0CA819C0}.Release|Any CPU.ActiveCfg = Release|Any CPU
		{B4DC73CF-6FEF-4714-9E78-857B0CA819C0}.Release|Any CPU.Build.0 = Release|Any CPU
		{6C126D61-93E0-4427-AB53-B4C451A105A2}.Debug|Any CPU.ActiveCfg = Debug|Any CPU
		{6C126D61-93E0-4427-AB53-B4C451A105A2}.Debug|Any CPU.Build.0 = Debug|Any CPU
		{6C126D61-93E0-4427-AB53-B4C451A105A2}.Release|Any CPU.ActiveCfg = Release|Any CPU
		{6C126D61-93E0-4427-AB53-B4C451A105A2}.Release|Any CPU.Build.0 = Release|Any CPU
		{CFD839F0-7972-4D60-8859-E87044826759}.Debug|Any CPU.ActiveCfg = Debug|Any CPU
		{CFD839F0-7972-4D60-8859-E87044826759}.Debug|Any CPU.Build.0 = Debug|Any CPU
		{CFD839F0-7972-4D60-8859-E87044826759}.Release|Any CPU.ActiveCfg = Release|Any CPU
		{CFD839F0-7972-4D60-8859-E87044826759}.Release|Any CPU.Build.0 = Release|Any CPU
	EndGlobalSection
	GlobalSection(SolutionProperties) = preSolution
		HideSolutionNode = FALSE
	EndGlobalSection
	GlobalSection(ExtensibilityGlobals) = postSolution
		SolutionGuid = {2EB55897-670A-470D-8EBD-D2D0077B6E29}
	EndGlobalSection
EndGlobal
