
Microsoft Visual Studio Solution File, Format Version 12.00
# Visual Studio Version 17
VisualStudioVersion = 17.9.34728.123
MinimumVisualStudioVersion = 10.0.40219.1
Project("{FAE04EC0-301F-11D3-BF4B-00C04F79EFBC}") = "Task2", "Task2\Task2.csproj", "{F941F6E5-4C2E-463F-BCC1-3979082F8D3C}"
EndProject
Project("{FAE04EC0-301F-11D3-BF4B-00C04F79EFBC}") = "Task3", "Task3\Task3.csproj", "{B4DC73CF-6FEF-4714-9E78-857B0CA819C0}"
EndProject
Project("{FAE04EC0-301F-11D3-BF4B-00C04F79EFBC}") = "Task4", "Task4\Task4.csproj", "{6C126D61-93E0-4427-AB53-B4C451A105A2}"
EndProject
Project("{FAE04EC0-301F-11D3-BF4B-00C04F79EFBC}") = "Task5", "Task5\Task5.csproj", "{CFD839F0-7972-4D60-8859-E87044826759}"
EndProject
Project("{FAE04EC0-301F-11D3-BF4B-00C04F79EFBC}") = "Task6", "Task6\Task6.csproj", "{20DC02EF-7034-4168-AAD7-07DED81973D4}"
EndProject
Project("{FAE04EC0-301F-11D3-BF4B-00C04F79EFBC}") = "Task7", "Task7\Task7.csproj", "{679ED5DB-2DAF-41C6-9D35-8D3DA21FE0C9}"
EndProject
Project("{FAE04EC0-301F-11D3-BF4B-00C04F79EFBC}") = "Task8", "Task8\Task8.csproj", "{BF07B944-8539-4D60-8763-1BEEAE0A3F76}"
EndProject
Project("{FAE04EC0-301F-11D3-BF4B-00C04F79EFBC}") = "Task9", "Task9\Task9.csproj", "{B0BAFB1C-7599-4057-8457-58568C32BE4E}"
EndProject
Project("{FAE04EC0-301F-11D3-BF4B-00C04F79EFBC}") = "Task10", "Task10\Task10.csproj", "{9E633AAC-B4FA-404E-9709-8447CA730F7B}"
EndProject
Project("{FAE04EC0-301F-11D3-BF4B-00C04F79EFBC}") = "Task1", "Task1\Task1.csproj", "{B80FE4AE-3AD3-4AE9-A645-57E1EB9DAC45}"
EndProject
Project("{FAE04EC0-301F-11D3-BF4B-00C04F79EFBC}") = "Task11", "Task11\Task11.csproj", "{4835533A-4B9A-4284-A2DE-5D355103C515}"
EndProject
Project("{FAE04EC0-301F-11D3-BF4B-00C04F79EFBC}") = "Task12", "Task12\Task12.csproj", "{5F12C73C-5E89-481C-BB2C-FD944869A9F2}"
EndProject
Project("{FAE04EC0-301F-11D3-BF4B-00C04F79EFBC}") = "Task13", "Task13\Task13.csproj", "{1DE1EC5F-0A84-4726-BA51-E7F708ABA58F}"
EndProject
Project("{FAE04EC0-301F-11D3-BF4B-00C04F79EFBC}") = "Task14", "Task14\Task14.csproj", "{6583EF42-8D24-420D-B0CF-7091D420BC56}"
EndProject
Project("{FAE04EC0-301F-11D3-BF4B-00C04F79EFBC}") = "Task15", "Task15\Task15.csproj", "{1B74FD12-3587-4E99-8C8B-DEAA585872CA}"
EndProject
Project("{FAE04EC0-301F-11D3-BF4B-00C04F79EFBC}") = "Task16", "Task16\Task16.csproj", "{6313B844-47C6-424D-A359-517E979B00BB}"
EndProject
Global
	GlobalSection(SolutionConfigurationPlatforms) = preSolution
		Debug|Any CPU = Debug|Any CPU
		Release|Any CPU = Release|Any CPU
	EndGlobalSection
	GlobalSection(ProjectConfigurationPlatforms) = postSolution
		{F941F6E5-4C2E-463F-BCC1-3979082F8D3C}.Debug|Any CPU.ActiveCfg = Debug|Any CPU
		{F941F6E5-4C2E-463F-BCC1-3979082F8D3C}.Debug|Any CPU.Build.0 = Debug|Any CPU
		{F941F6E5-4C2E-463F-BCC1-3979082F8D3C}.Release|Any CPU.ActiveCfg = Release|Any CPU
		{F941F6E5-4C2E-463F-BCC1-3979082F8D3C}.Release|Any CPU.Build.0 = Release|Any CPU
		{B4DC73CF-6FEF-4714-9E78-857B0CA819C0}.Debug|Any CPU.ActiveCfg = Debug|Any CPU
		{B4DC73CF-6FEF-4714-9E78-857B0CA819C0}.Debug|Any CPU.Build.0 = Debug|Any CPU
		{B4DC73CF-6FEF-4714-9E78-857B0CA819C0}.Release|Any CPU.ActiveCfg = Release|Any CPU
		{B4DC73CF-6FEF-4714-9E78-857B0CA819C0}.Release|Any CPU.Build.0 = Release|Any CPU
		{6C126D61-93E0-4427-AB53-B4C451A105A2}.Debug|Any CPU.ActiveCfg = Debug|Any CPU
		{6C126D61-93E0-4427-AB53-B4C451A105A2}.Debug|Any CPU.Build.0 = Debug|Any CPU
		{6C126D61-93E0-4427-AB53-B4C451A105A2}.Release|Any CPU.ActiveCfg = Release|Any CPU
		{6C126D61-93E0-4427-AB53-B4C451A105A2}.Release|Any CPU.Build.0 = Release|Any CPU
		{CFD839F0-7972-4D60-8859-E87044826759}.Debug|Any CPU.ActiveCfg = Debug|Any CPU
		{CFD839F0-7972-4D60-8859-E87044826759}.Debug|Any CPU.Build.0 = Debug|Any CPU
		{CFD839F0-7972-4D60-8859-E87044826759}.Release|Any CPU.ActiveCfg = Release|Any CPU
		{CFD839F0-7972-4D60-8859-E87044826759}.Release|Any CPU.Build.0 = Release|Any CPU
		{20DC02EF-7034-4168-AAD7-07DED81973D4}.Debug|Any CPU.ActiveCfg = Debug|Any CPU
		{20DC02EF-7034-4168-AAD7-07DED81973D4}.Debug|Any CPU.Build.0 = Debug|Any CPU
		{20DC02EF-7034-4168-AAD7-07DED81973D4}.Release|Any CPU.ActiveCfg = Release|Any CPU
		{20DC02EF-7034-4168-AAD7-07DED81973D4}.Release|Any CPU.Build.0 = Release|Any CPU
		{679ED5DB-2DAF-41C6-9D35-8D3DA21FE0C9}.Debug|Any CPU.ActiveCfg = Debug|Any CPU
		{679ED5DB-2DAF-41C6-9D35-8D3DA21FE0C9}.Debug|Any CPU.Build.0 = Debug|Any CPU
		{679ED5DB-2DAF-41C6-9D35-8D3DA21FE0C9}.Release|Any CPU.ActiveCfg = Release|Any CPU
		{679ED5DB-2DAF-41C6-9D35-8D3DA21FE0C9}.Release|Any CPU.Build.0 = Release|Any CPU
		{BF07B944-8539-4D60-8763-1BEEAE0A3F76}.Debug|Any CPU.ActiveCfg = Debug|Any CPU
		{BF07B944-8539-4D60-8763-1BEEAE0A3F76}.Debug|Any CPU.Build.0 = Debug|Any CPU
		{BF07B944-8539-4D60-8763-1BEEAE0A3F76}.Release|Any CPU.ActiveCfg = Release|Any CPU
		{BF07B944-8539-4D60-8763-1BEEAE0A3F76}.Release|Any CPU.Build.0 = Release|Any CPU
		{B0BAFB1C-7599-4057-8457-58568C32BE4E}.Debug|Any CPU.ActiveCfg = Debug|Any CPU
		{B0BAFB1C-7599-4057-8457-58568C32BE4E}.Debug|Any CPU.Build.0 = Debug|Any CPU
		{B0BAFB1C-7599-4057-8457-58568C32BE4E}.Release|Any CPU.ActiveCfg = Release|Any CPU
		{B0BAFB1C-7599-4057-8457-58568C32BE4E}.Release|Any CPU.Build.0 = Release|Any CPU
		{9E633AAC-B4FA-404E-9709-8447CA730F7B}.Debug|Any CPU.ActiveCfg = Debug|Any CPU
		{9E633AAC-B4FA-404E-9709-8447CA730F7B}.Debug|Any CPU.Build.0 = Debug|Any CPU
		{9E633AAC-B4FA-404E-9709-8447CA730F7B}.Release|Any CPU.ActiveCfg = Release|Any CPU
		{9E633AAC-B4FA-404E-9709-8447CA730F7B}.Release|Any CPU.Build.0 = Release|Any CPU
		{B80FE4AE-3AD3-4AE9-A645-57E1EB9DAC45}.Debug|Any CPU.ActiveCfg = Debug|Any CPU
		{B80FE4AE-3AD3-4AE9-A645-57E1EB9DAC45}.Debug|Any CPU.Build.0 = Debug|Any CPU
		{B80FE4AE-3AD3-4AE9-A645-57E1EB9DAC45}.Release|Any CPU.ActiveCfg = Release|Any CPU
		{B80FE4AE-3AD3-4AE9-A645-57E1EB9DAC45}.Release|Any CPU.Build.0 = Release|Any CPU
		{4835533A-4B9A-4284-A2DE-5D355103C515}.Debug|Any CPU.ActiveCfg = Debug|Any CPU
		{4835533A-4B9A-4284-A2DE-5D355103C515}.Debug|Any CPU.Build.0 = Debug|Any CPU
		{4835533A-4B9A-4284-A2DE-5D355103C515}.Release|Any CPU.ActiveCfg = Release|Any CPU
		{4835533A-4B9A-4284-A2DE-5D355103C515}.Release|Any CPU.Build.0 = Release|Any CPU
		{5F12C73C-5E89-481C-BB2C-FD944869A9F2}.Debug|Any CPU.ActiveCfg = Debug|Any CPU
		{5F12C73C-5E89-481C-BB2C-FD944869A9F2}.Debug|Any CPU.Build.0 = Debug|Any CPU
		{5F12C73C-5E89-481C-BB2C-FD944869A9F2}.Release|Any CPU.ActiveCfg = Release|Any CPU
		{5F12C73C-5E89-481C-BB2C-FD944869A9F2}.Release|Any CPU.Build.0 = Release|Any CPU
		{1DE1EC5F-0A84-4726-BA51-E7F708ABA58F}.Debug|Any CPU.ActiveCfg = Debug|Any CPU
		{1DE1EC5F-0A84-4726-BA51-E7F708ABA58F}.Debug|Any CPU.Build.0 = Debug|Any CPU
		{1DE1EC5F-0A84-4726-BA51-E7F708ABA58F}.Release|Any CPU.ActiveCfg = Release|Any CPU
		{1DE1EC5F-0A84-4726-BA51-E7F708ABA58F}.Release|Any CPU.Build.0 = Release|Any CPU
		{6583EF42-8D24-420D-B0CF-7091D420BC56}.Debug|Any CPU.ActiveCfg = Debug|Any CPU
		{6583EF42-8D24-420D-B0CF-7091D420BC56}.Debug|Any CPU.Build.0 = Debug|Any CPU
		{6583EF42-8D24-420D-B0CF-7091D420BC56}.Release|Any CPU.ActiveCfg = Release|Any CPU
		{6583EF42-8D24-420D-B0CF-7091D420BC56}.Release|Any CPU.Build.0 = Release|Any CPU
		{1B74FD12-3587-4E99-8C8B-DEAA585872CA}.Debug|Any CPU.ActiveCfg = Debug|Any CPU
		{1B74FD12-3587-4E99-8C8B-DEAA585872CA}.Debug|Any CPU.Build.0 = Debug|Any CPU
		{1B74FD12-3587-4E99-8C8B-DEAA585872CA}.Release|Any CPU.ActiveCfg = Release|Any CPU
		{1B74FD12-3587-4E99-8C8B-DEAA585872CA}.Release|Any CPU.Build.0 = Release|Any CPU
		{6313B844-47C6-424D-A359-517E979B00BB}.Debug|Any CPU.ActiveCfg = Debug|Any CPU
		{6313B844-47C6-424D-A359-517E979B00BB}.Debug|Any CPU.Build.0 = Debug|Any CPU
		{6313B844-47C6-424D-A359-517E979B00BB}.Release|Any CPU.ActiveCfg = Release|Any CPU
		{6313B844-47C6-424D-A359-517E979B00BB}.Release|Any CPU.Build.0 = Release|Any CPU
	EndGlobalSection
	GlobalSection(SolutionProperties) = preSolution
		HideSolutionNode = FALSE
	EndGlobalSection
	GlobalSection(ExtensibilityGlobals) = postSolution
		SolutionGuid = {2EB55897-670A-470D-8EBD-D2D0077B6E29}
	EndGlobalSection
EndGlobal
