
Microsoft Visual Studio Solution File, Format Version 12.00
# Visual Studio Version 17
VisualStudioVersion = 17.9.34607.119
MinimumVisualStudioVersion = 10.0.40219.1
Project("{FAE04EC0-301F-11D3-BF4B-00C04F79EFBC}") = "Task2", "Task2\Task2.csproj", "{06D0F5E0-1AEE-4F86-8636-1F3EFB55ABD5}"
EndProject
Project("{FAE04EC0-301F-11D3-BF4B-00C04F79EFBC}") = "Task1", "Task1\Task1.csproj", "{1614B01B-2E24-4657-8A4F-62418D2EE770}"
EndProject
Global
	GlobalSection(SolutionConfigurationPlatforms) = preSolution
		Debug|Any CPU = Debug|Any CPU
		Release|Any CPU = Release|Any CPU
	EndGlobalSection
	GlobalSection(ProjectConfigurationPlatforms) = postSolution
		{06D0F5E0-1AEE-4F86-8636-1F3EFB55ABD5}.Debug|Any CPU.ActiveCfg = Debug|Any CPU
		{06D0F5E0-1AEE-4F86-8636-1F3EFB55ABD5}.Debug|Any CPU.Build.0 = Debug|Any CPU
		{06D0F5E0-1AEE-4F86-8636-1F3EFB55ABD5}.Release|Any CPU.ActiveCfg = Release|Any CPU
		{06D0F5E0-1AEE-4F86-8636-1F3EFB55ABD5}.Release|Any CPU.Build.0 = Release|Any CPU
		{1614B01B-2E24-4657-8A4F-62418D2EE770}.Debug|Any CPU.ActiveCfg = Debug|Any CPU
		{1614B01B-2E24-4657-8A4F-62418D2EE770}.Debug|Any CPU.Build.0 = Debug|Any CPU
		{1614B01B-2E24-4657-8A4F-62418D2EE770}.Release|Any CPU.ActiveCfg = Release|Any CPU
		{1614B01B-2E24-4657-8A4F-62418D2EE770}.Release|Any CPU.Build.0 = Release|Any CPU
	EndGlobalSection
	GlobalSection(SolutionProperties) = preSolution
		HideSolutionNode = FALSE
	EndGlobalSection
	GlobalSection(ExtensibilityGlobals) = postSolution
		SolutionGuid = {DA9A6DFE-DBCE-462B-8C16-A40BB422E57F}
	EndGlobalSection
EndGlobal
