
Microsoft Visual Studio Solution File, Format Version 12.00
# Visual Studio Version 17
VisualStudioVersion = 17.9.34728.123
MinimumVisualStudioVersion = 10.0.40219.1
Project("{FAE04EC0-301F-11D3-BF4B-00C04F79EFBC}") = "Task1-2", "Task1\Task1-2.csproj", "{D8B932E8-73F7-442D-9A74-FAE4B7602E05}"
EndProject
Project("{FAE04EC0-301F-11D3-BF4B-00C04F79EFBC}") = "Task3", "Task3\Task3.csproj", "{E166F35C-4D42-49C4-A029-53A50224663E}"
EndProject
Project("{FAE04EC0-301F-11D3-BF4B-00C04F79EFBC}") = "Task4", "Task4\Task4.csproj", "{149630C9-986A-4289-A446-B52027FECC9E}"
EndProject
Global
	GlobalSection(SolutionConfigurationPlatforms) = preSolution
		Debug|Any CPU = Debug|Any CPU
		Release|Any CPU = Release|Any CPU
	EndGlobalSection
	GlobalSection(ProjectConfigurationPlatforms) = postSolution
		{D8B932E8-73F7-442D-9A74-FAE4B7602E05}.Debug|Any CPU.ActiveCfg = Debug|Any CPU
		{D8B932E8-73F7-442D-9A74-FAE4B7602E05}.Debug|Any CPU.Build.0 = Debug|Any CPU
		{D8B932E8-73F7-442D-9A74-FAE4B7602E05}.Release|Any CPU.ActiveCfg = Release|Any CPU
		{D8B932E8-73F7-442D-9A74-FAE4B7602E05}.Release|Any CPU.Build.0 = Release|Any CPU
		{E166F35C-4D42-49C4-A029-53A50224663E}.Debug|Any CPU.ActiveCfg = Debug|Any CPU
		{E166F35C-4D42-49C4-A029-53A50224663E}.Debug|Any CPU.Build.0 = Debug|Any CPU
		{E166F35C-4D42-49C4-A029-53A50224663E}.Release|Any CPU.ActiveCfg = Release|Any CPU
		{E166F35C-4D42-49C4-A029-53A50224663E}.Release|Any CPU.Build.0 = Release|Any CPU
		{149630C9-986A-4289-A446-B52027FECC9E}.Debug|Any CPU.ActiveCfg = Debug|Any CPU
		{149630C9-986A-4289-A446-B52027FECC9E}.Debug|Any CPU.Build.0 = Debug|Any CPU
		{149630C9-986A-4289-A446-B52027FECC9E}.Release|Any CPU.ActiveCfg = Release|Any CPU
		{149630C9-986A-4289-A446-B52027FECC9E}.Release|Any CPU.Build.0 = Release|Any CPU
	EndGlobalSection
	GlobalSection(SolutionProperties) = preSolution
		HideSolutionNode = FALSE
	EndGlobalSection
	GlobalSection(ExtensibilityGlobals) = postSolution
		SolutionGuid = {B155B7C4-C5E0-438C-864D-BDFFB8F4FA4D}
	EndGlobalSection
EndGlobal
