
Microsoft Visual Studio Solution File, Format Version 12.00
# Visual Studio Version 17
VisualStudioVersion = 17.9.34728.123
MinimumVisualStudioVersion = 10.0.40219.1
Project("{FAE04EC0-301F-11D3-BF4B-00C04F79EFBC}") = "Task1", "Task1\Task1.csproj", "{E78802F3-EC42-449E-8164-F8AA63EEB061}"
EndProject
Project("{FAE04EC0-301F-11D3-BF4B-00C04F79EFBC}") = "Task2", "Task2\Task2.csproj", "{9378CD6B-43A1-474C-8DAB-92AEE0303987}"
EndProject
Project("{FAE04EC0-301F-11D3-BF4B-00C04F79EFBC}") = "Task3", "Task3\Task3.csproj", "{90F59283-EBD6-4381-8A77-7E33D8420F1F}"
EndProject
Project("{FAE04EC0-301F-11D3-BF4B-00C04F79EFBC}") = "Task4", "Task4\Task4.csproj", "{77DEDB25-2883-46C4-A9A3-B1CAE90618CE}"
EndProject
Global
	GlobalSection(SolutionConfigurationPlatforms) = preSolution
		Debug|Any CPU = Debug|Any CPU
		Release|Any CPU = Release|Any CPU
	EndGlobalSection
	GlobalSection(ProjectConfigurationPlatforms) = postSolution
		{E78802F3-EC42-449E-8164-F8AA63EEB061}.Debug|Any CPU.ActiveCfg = Debug|Any CPU
		{E78802F3-EC42-449E-8164-F8AA63EEB061}.Debug|Any CPU.Build.0 = Debug|Any CPU
		{E78802F3-EC42-449E-8164-F8AA63EEB061}.Release|Any CPU.ActiveCfg = Release|Any CPU
		{E78802F3-EC42-449E-8164-F8AA63EEB061}.Release|Any CPU.Build.0 = Release|Any CPU
		{9378CD6B-43A1-474C-8DAB-92AEE0303987}.Debug|Any CPU.ActiveCfg = Debug|Any CPU
		{9378CD6B-43A1-474C-8DAB-92AEE0303987}.Debug|Any CPU.Build.0 = Debug|Any CPU
		{9378CD6B-43A1-474C-8DAB-92AEE0303987}.Release|Any CPU.ActiveCfg = Release|Any CPU
		{9378CD6B-43A1-474C-8DAB-92AEE0303987}.Release|Any CPU.Build.0 = Release|Any CPU
		{90F59283-EBD6-4381-8A77-7E33D8420F1F}.Debug|Any CPU.ActiveCfg = Debug|Any CPU
		{90F59283-EBD6-4381-8A77-7E33D8420F1F}.Debug|Any CPU.Build.0 = Debug|Any CPU
		{90F59283-EBD6-4381-8A77-7E33D8420F1F}.Release|Any CPU.ActiveCfg = Release|Any CPU
		{90F59283-EBD6-4381-8A77-7E33D8420F1F}.Release|Any CPU.Build.0 = Release|Any CPU
		{77DEDB25-2883-46C4-A9A3-B1CAE90618CE}.Debug|Any CPU.ActiveCfg = Debug|Any CPU
		{77DEDB25-2883-46C4-A9A3-B1CAE90618CE}.Debug|Any CPU.Build.0 = Debug|Any CPU
		{77DEDB25-2883-46C4-A9A3-B1CAE90618CE}.Release|Any CPU.ActiveCfg = Release|Any CPU
		{77DEDB25-2883-46C4-A9A3-B1CAE90618CE}.Release|Any CPU.Build.0 = Release|Any CPU
	EndGlobalSection
	GlobalSection(SolutionProperties) = preSolution
		HideSolutionNode = FALSE
	EndGlobalSection
	GlobalSection(ExtensibilityGlobals) = postSolution
		SolutionGuid = {0714D181-24D4-44E9-986E-1603AC0018D2}
	EndGlobalSection
EndGlobal
