
Microsoft Visual Studio Solution File, Format Version 12.00
# Visual Studio Version 17
VisualStudioVersion = 17.9.34728.123
MinimumVisualStudioVersion = 10.0.40219.1
Project("{FAE04EC0-301F-11D3-BF4B-00C04F79EFBC}") = "Task1", "Task1\Task1.csproj", "{F94D9293-BEAF-4CE3-B4A7-4F173DBE0E0F}"
EndProject
Project("{FAE04EC0-301F-11D3-BF4B-00C04F79EFBC}") = "Task2", "Task2\Task2.csproj", "{0C818924-D312-455D-8A50-E12C6A2C8B33}"
EndProject
Global
	GlobalSection(SolutionConfigurationPlatforms) = preSolution
		Debug|Any CPU = Debug|Any CPU
		Release|Any CPU = Release|Any CPU
	EndGlobalSection
	GlobalSection(ProjectConfigurationPlatforms) = postSolution
		{F94D9293-BEAF-4CE3-B4A7-4F173DBE0E0F}.Debug|Any CPU.ActiveCfg = Debug|Any CPU
		{F94D9293-BEAF-4CE3-B4A7-4F173DBE0E0F}.Debug|Any CPU.Build.0 = Debug|Any CPU
		{F94D9293-BEAF-4CE3-B4A7-4F173DBE0E0F}.Release|Any CPU.ActiveCfg = Release|Any CPU
		{F94D9293-BEAF-4CE3-B4A7-4F173DBE0E0F}.Release|Any CPU.Build.0 = Release|Any CPU
		{0C818924-D312-455D-8A50-E12C6A2C8B33}.Debug|Any CPU.ActiveCfg = Debug|Any CPU
		{0C818924-D312-455D-8A50-E12C6A2C8B33}.Debug|Any CPU.Build.0 = Debug|Any CPU
		{0C818924-D312-455D-8A50-E12C6A2C8B33}.Release|Any CPU.ActiveCfg = Release|Any CPU
		{0C818924-D312-455D-8A50-E12C6A2C8B33}.Release|Any CPU.Build.0 = Release|Any CPU
	EndGlobalSection
	GlobalSection(SolutionProperties) = preSolution
		HideSolutionNode = FALSE
	EndGlobalSection
	GlobalSection(ExtensibilityGlobals) = postSolution
		SolutionGuid = {3A13BD74-A8B2-43A5-8B60-E0B67A6745B7}
	EndGlobalSection
EndGlobal
