
Microsoft Visual Studio Solution File, Format Version 12.00
# Visual Studio Version 17
VisualStudioVersion = 17.9.34728.123
MinimumVisualStudioVersion = 10.0.40219.1
Project("{9A19103F-16F7-4668-BE54-9A1E7A4F7556}") = "Task1", "Task1\Task1.csproj", "{FBCE9ACC-0111-4D49-931E-E095AC603368}"
EndProject
Project("{FAE04EC0-301F-11D3-BF4B-00C04F79EFBC}") = "Task2", "Task2\Task2.csproj", "{22F0A6A3-6AE1-4FB4-B2D5-E9FBA5CF69B2}"
EndProject
Project("{FAE04EC0-301F-11D3-BF4B-00C04F79EFBC}") = "Task3", "Task3\Task3.csproj", "{1E376F87-3D91-45B6-96C4-A230EF4FAEBA}"
EndProject
Project("{FAE04EC0-301F-11D3-BF4B-00C04F79EFBC}") = "Task4", "Task4\Task4.csproj", "{FA524306-252A-4835-94C2-7FFF481EB0B5}"
EndProject
Global
	GlobalSection(SolutionConfigurationPlatforms) = preSolution
		Debug|Any CPU = Debug|Any CPU
		Release|Any CPU = Release|Any CPU
	EndGlobalSection
	GlobalSection(ProjectConfigurationPlatforms) = postSolution
		{FBCE9ACC-0111-4D49-931E-E095AC603368}.Debug|Any CPU.ActiveCfg = Debug|Any CPU
		{FBCE9ACC-0111-4D49-931E-E095AC603368}.Debug|Any CPU.Build.0 = Debug|Any CPU
		{FBCE9ACC-0111-4D49-931E-E095AC603368}.Release|Any CPU.ActiveCfg = Release|Any CPU
		{FBCE9ACC-0111-4D49-931E-E095AC603368}.Release|Any CPU.Build.0 = Release|Any CPU
		{22F0A6A3-6AE1-4FB4-B2D5-E9FBA5CF69B2}.Debug|Any CPU.ActiveCfg = Debug|Any CPU
		{22F0A6A3-6AE1-4FB4-B2D5-E9FBA5CF69B2}.Debug|Any CPU.Build.0 = Debug|Any CPU
		{22F0A6A3-6AE1-4FB4-B2D5-E9FBA5CF69B2}.Release|Any CPU.ActiveCfg = Release|Any CPU
		{22F0A6A3-6AE1-4FB4-B2D5-E9FBA5CF69B2}.Release|Any CPU.Build.0 = Release|Any CPU
		{1E376F87-3D91-45B6-96C4-A230EF4FAEBA}.Debug|Any CPU.ActiveCfg = Debug|Any CPU
		{1E376F87-3D91-45B6-96C4-A230EF4FAEBA}.Debug|Any CPU.Build.0 = Debug|Any CPU
		{1E376F87-3D91-45B6-96C4-A230EF4FAEBA}.Release|Any CPU.ActiveCfg = Release|Any CPU
		{1E376F87-3D91-45B6-96C4-A230EF4FAEBA}.Release|Any CPU.Build.0 = Release|Any CPU
		{FA524306-252A-4835-94C2-7FFF481EB0B5}.Debug|Any CPU.ActiveCfg = Debug|Any CPU
		{FA524306-252A-4835-94C2-7FFF481EB0B5}.Debug|Any CPU.Build.0 = Debug|Any CPU
		{FA524306-252A-4835-94C2-7FFF481EB0B5}.Release|Any CPU.ActiveCfg = Release|Any CPU
		{FA524306-252A-4835-94C2-7FFF481EB0B5}.Release|Any CPU.Build.0 = Release|Any CPU
	EndGlobalSection
	GlobalSection(SolutionProperties) = preSolution
		HideSolutionNode = FALSE
	EndGlobalSection
	GlobalSection(ExtensibilityGlobals) = postSolution
		SolutionGuid = {57C36FE6-9E98-48ED-951B-78B8AA9EA263}
	EndGlobalSection
EndGlobal
