
Microsoft Visual Studio Solution File, Format Version 12.00
# Visual Studio Version 17
VisualStudioVersion = 17.9.34728.123
MinimumVisualStudioVersion = 10.0.40219.1
Project("{FAE04EC0-301F-11D3-BF4B-00C04F79EFBC}") = "task1_2", "task1\task1_2.csproj", "{EB212F19-85E7-4D81-9376-55EC1E3D6B03}"
EndProject
Project("{FAE04EC0-301F-11D3-BF4B-00C04F79EFBC}") = "task3", "task2\task3.csproj", "{6C8321A9-7705-43D2-B82D-80959F790934}"
EndProject
Project("{FAE04EC0-301F-11D3-BF4B-00C04F79EFBC}") = "task4", "task4\task4.csproj", "{D2ED5E3C-FF7D-42C2-ABD8-30BB1CE8EF45}"
EndProject
Global
	GlobalSection(SolutionConfigurationPlatforms) = preSolution
		Debug|Any CPU = Debug|Any CPU
		Release|Any CPU = Release|Any CPU
	EndGlobalSection
	GlobalSection(ProjectConfigurationPlatforms) = postSolution
		{EB212F19-85E7-4D81-9376-55EC1E3D6B03}.Debug|Any CPU.ActiveCfg = Debug|Any CPU
		{EB212F19-85E7-4D81-9376-55EC1E3D6B03}.Debug|Any CPU.Build.0 = Debug|Any CPU
		{EB212F19-85E7-4D81-9376-55EC1E3D6B03}.Release|Any CPU.ActiveCfg = Release|Any CPU
		{EB212F19-85E7-4D81-9376-55EC1E3D6B03}.Release|Any CPU.Build.0 = Release|Any CPU
		{6C8321A9-7705-43D2-B82D-80959F790934}.Debug|Any CPU.ActiveCfg = Debug|Any CPU
		{6C8321A9-7705-43D2-B82D-80959F790934}.Debug|Any CPU.Build.0 = Debug|Any CPU
		{6C8321A9-7705-43D2-B82D-80959F790934}.Release|Any CPU.ActiveCfg = Release|Any CPU
		{6C8321A9-7705-43D2-B82D-80959F790934}.Release|Any CPU.Build.0 = Release|Any CPU
		{D2ED5E3C-FF7D-42C2-ABD8-30BB1CE8EF45}.Debug|Any CPU.ActiveCfg = Debug|Any CPU
		{D2ED5E3C-FF7D-42C2-ABD8-30BB1CE8EF45}.Debug|Any CPU.Build.0 = Debug|Any CPU
		{D2ED5E3C-FF7D-42C2-ABD8-30BB1CE8EF45}.Release|Any CPU.ActiveCfg = Release|Any CPU
		{D2ED5E3C-FF7D-42C2-ABD8-30BB1CE8EF45}.Release|Any CPU.Build.0 = Release|Any CPU
	EndGlobalSection
	GlobalSection(SolutionProperties) = preSolution
		HideSolutionNode = FALSE
	EndGlobalSection
	GlobalSection(ExtensibilityGlobals) = postSolution
		SolutionGuid = {95A0723F-74F4-425B-A338-7B8BE78E219D}
	EndGlobalSection
EndGlobal
