
Microsoft Visual Studio Solution File, Format Version 12.00
# Visual Studio Version 17
VisualStudioVersion = 17.9.34728.123
MinimumVisualStudioVersion = 10.0.40219.1
Project("{FAE04EC0-301F-11D3-BF4B-00C04F79EFBC}") = "Task1", "Task1\Task1.csproj", "{B6959A6F-B99B-4BD5-AE94-3CD447C6C13A}"
EndProject
Project("{FAE04EC0-301F-11D3-BF4B-00C04F79EFBC}") = "Task2", "Task2\Task2.csproj", "{BA66551B-A9BB-4A9B-A386-0EA79A9B5998}"
EndProject
Project("{FAE04EC0-301F-11D3-BF4B-00C04F79EFBC}") = "Task3", "Task3\Task3.csproj", "{55917A26-B6BE-416C-9EE3-28DEB5CC9F0E}"
EndProject
Project("{FAE04EC0-301F-11D3-BF4B-00C04F79EFBC}") = "Task4", "Task4\Task4.csproj", "{BAD58059-F6AC-4A41-BB5C-2211218268D6}"
EndProject
Project("{FAE04EC0-301F-11D3-BF4B-00C04F79EFBC}") = "Task5", "Task5\Task5.csproj", "{8A9E68C8-8F33-4C3C-8864-506279A2FBCC}"
EndProject
Global
	GlobalSection(SolutionConfigurationPlatforms) = preSolution
		Debug|Any CPU = Debug|Any CPU
		Release|Any CPU = Release|Any CPU
	EndGlobalSection
	GlobalSection(ProjectConfigurationPlatforms) = postSolution
		{B6959A6F-B99B-4BD5-AE94-3CD447C6C13A}.Debug|Any CPU.ActiveCfg = Debug|Any CPU
		{B6959A6F-B99B-4BD5-AE94-3CD447C6C13A}.Debug|Any CPU.Build.0 = Debug|Any CPU
		{B6959A6F-B99B-4BD5-AE94-3CD447C6C13A}.Release|Any CPU.ActiveCfg = Release|Any CPU
		{B6959A6F-B99B-4BD5-AE94-3CD447C6C13A}.Release|Any CPU.Build.0 = Release|Any CPU
		{BA66551B-A9BB-4A9B-A386-0EA79A9B5998}.Debug|Any CPU.ActiveCfg = Debug|Any CPU
		{BA66551B-A9BB-4A9B-A386-0EA79A9B5998}.Debug|Any CPU.Build.0 = Debug|Any CPU
		{BA66551B-A9BB-4A9B-A386-0EA79A9B5998}.Release|Any CPU.ActiveCfg = Release|Any CPU
		{BA66551B-A9BB-4A9B-A386-0EA79A9B5998}.Release|Any CPU.Build.0 = Release|Any CPU
		{55917A26-B6BE-416C-9EE3-28DEB5CC9F0E}.Debug|Any CPU.ActiveCfg = Debug|Any CPU
		{55917A26-B6BE-416C-9EE3-28DEB5CC9F0E}.Debug|Any CPU.Build.0 = Debug|Any CPU
		{55917A26-B6BE-416C-9EE3-28DEB5CC9F0E}.Release|Any CPU.ActiveCfg = Release|Any CPU
		{55917A26-B6BE-416C-9EE3-28DEB5CC9F0E}.Release|Any CPU.Build.0 = Release|Any CPU
		{BAD58059-F6AC-4A41-BB5C-2211218268D6}.Debug|Any CPU.ActiveCfg = Debug|Any CPU
		{BAD58059-F6AC-4A41-BB5C-2211218268D6}.Debug|Any CPU.Build.0 = Debug|Any CPU
		{BAD58059-F6AC-4A41-BB5C-2211218268D6}.Release|Any CPU.ActiveCfg = Release|Any CPU
		{BAD58059-F6AC-4A41-BB5C-2211218268D6}.Release|Any CPU.Build.0 = Release|Any CPU
		{8A9E68C8-8F33-4C3C-8864-506279A2FBCC}.Debug|Any CPU.ActiveCfg = Debug|Any CPU
		{8A9E68C8-8F33-4C3C-8864-506279A2FBCC}.Debug|Any CPU.Build.0 = Debug|Any CPU
		{8A9E68C8-8F33-4C3C-8864-506279A2FBCC}.Release|Any CPU.ActiveCfg = Release|Any CPU
		{8A9E68C8-8F33-4C3C-8864-506279A2FBCC}.Release|Any CPU.Build.0 = Release|Any CPU
	EndGlobalSection
	GlobalSection(SolutionProperties) = preSolution
		HideSolutionNode = FALSE
	EndGlobalSection
	GlobalSection(ExtensibilityGlobals) = postSolution
		SolutionGuid = {61B48A4F-2A50-499F-8720-B4658461D322}
	EndGlobalSection
EndGlobal
