
Microsoft Visual Studio Solution File, Format Version 12.00
# Visual Studio Version 17
VisualStudioVersion = 17.9.34728.123
MinimumVisualStudioVersion = 10.0.40219.1
Project("{FAE04EC0-301F-11D3-BF4B-00C04F79EFBC}") = "Task1", "Task1\Task1.csproj", "{F8FAD839-298B-44D8-8969-E907632D572C}"
EndProject
Project("{FAE04EC0-301F-11D3-BF4B-00C04F79EFBC}") = "Task2", "Task2\Task2.csproj", "{93F6BCE7-D0AC-42EF-84B4-36B6E405EEFC}"
EndProject
Global
	GlobalSection(SolutionConfigurationPlatforms) = preSolution
		Debug|Any CPU = Debug|Any CPU
		Release|Any CPU = Release|Any CPU
	EndGlobalSection
	GlobalSection(ProjectConfigurationPlatforms) = postSolution
		{F8FAD839-298B-44D8-8969-E907632D572C}.Debug|Any CPU.ActiveCfg = Debug|Any CPU
		{F8FAD839-298B-44D8-8969-E907632D572C}.Debug|Any CPU.Build.0 = Debug|Any CPU
		{F8FAD839-298B-44D8-8969-E907632D572C}.Release|Any CPU.ActiveCfg = Release|Any CPU
		{F8FAD839-298B-44D8-8969-E907632D572C}.Release|Any CPU.Build.0 = Release|Any CPU
		{93F6BCE7-D0AC-42EF-84B4-36B6E405EEFC}.Debug|Any CPU.ActiveCfg = Debug|Any CPU
		{93F6BCE7-D0AC-42EF-84B4-36B6E405EEFC}.Debug|Any CPU.Build.0 = Debug|Any CPU
		{93F6BCE7-D0AC-42EF-84B4-36B6E405EEFC}.Release|Any CPU.ActiveCfg = Release|Any CPU
		{93F6BCE7-D0AC-42EF-84B4-36B6E405EEFC}.Release|Any CPU.Build.0 = Release|Any CPU
	EndGlobalSection
	GlobalSection(SolutionProperties) = preSolution
		HideSolutionNode = FALSE
	EndGlobalSection
	GlobalSection(ExtensibilityGlobals) = postSolution
		SolutionGuid = {1A20FDEC-1767-4323-9A0D-BB7A3FF3210A}
	EndGlobalSection
EndGlobal
