
Microsoft Visual Studio Solution File, Format Version 12.00
# Visual Studio Version 17
VisualStudioVersion = 17.9.34607.119
MinimumVisualStudioVersion = 10.0.40219.1
Project("{FAE04EC0-301F-11D3-BF4B-00C04F79EFBC}") = "Task1", "Task1\Task1.csproj", "{FDF2ECBC-A042-4AAA-A679-BBD41D6EE175}"
EndProject
Project("{FAE04EC0-301F-11D3-BF4B-00C04F79EFBC}") = "Task2", "Task2\Task2.csproj", "{AB47C265-211E-4DB1-AE2A-96629EB521B8}"
EndProject
Project("{FAE04EC0-301F-11D3-BF4B-00C04F79EFBC}") = "Task3", "Task3\Task3.csproj", "{62D0271E-B02C-42FD-91CD-1AE3A0B63E2A}"
EndProject
Global
	GlobalSection(SolutionConfigurationPlatforms) = preSolution
		Debug|Any CPU = Debug|Any CPU
		Release|Any CPU = Release|Any CPU
	EndGlobalSection
	GlobalSection(ProjectConfigurationPlatforms) = postSolution
		{FDF2ECBC-A042-4AAA-A679-BBD41D6EE175}.Debug|Any CPU.ActiveCfg = Debug|Any CPU
		{FDF2ECBC-A042-4AAA-A679-BBD41D6EE175}.Debug|Any CPU.Build.0 = Debug|Any CPU
		{FDF2ECBC-A042-4AAA-A679-BBD41D6EE175}.Release|Any CPU.ActiveCfg = Release|Any CPU
		{FDF2ECBC-A042-4AAA-A679-BBD41D6EE175}.Release|Any CPU.Build.0 = Release|Any CPU
		{AB47C265-211E-4DB1-AE2A-96629EB521B8}.Debug|Any CPU.ActiveCfg = Debug|Any CPU
		{AB47C265-211E-4DB1-AE2A-96629EB521B8}.Debug|Any CPU.Build.0 = Debug|Any CPU
		{AB47C265-211E-4DB1-AE2A-96629EB521B8}.Release|Any CPU.ActiveCfg = Release|Any CPU
		{AB47C265-211E-4DB1-AE2A-96629EB521B8}.Release|Any CPU.Build.0 = Release|Any CPU
		{62D0271E-B02C-42FD-91CD-1AE3A0B63E2A}.Debug|Any CPU.ActiveCfg = Debug|Any CPU
		{62D0271E-B02C-42FD-91CD-1AE3A0B63E2A}.Debug|Any CPU.Build.0 = Debug|Any CPU
		{62D0271E-B02C-42FD-91CD-1AE3A0B63E2A}.Release|Any CPU.ActiveCfg = Release|Any CPU
		{62D0271E-B02C-42FD-91CD-1AE3A0B63E2A}.Release|Any CPU.Build.0 = Release|Any CPU
	EndGlobalSection
	GlobalSection(SolutionProperties) = preSolution
		HideSolutionNode = FALSE
	EndGlobalSection
	GlobalSection(ExtensibilityGlobals) = postSolution
		SolutionGuid = {48FBF0DF-F9F1-4E81-909B-256BA58E9670}
	EndGlobalSection
EndGlobal
