
Microsoft Visual Studio Solution File, Format Version 12.00
# Visual Studio Version 17
VisualStudioVersion = 17.9.34607.119
MinimumVisualStudioVersion = 10.0.40219.1
Project("{FAE04EC0-301F-11D3-BF4B-00C04F79EFBC}") = "Task1", "Task1\Task1.csproj", "{824557B5-705B-42FF-97EC-07717FF0C6C5}"
EndProject
Project("{FAE04EC0-301F-11D3-BF4B-00C04F79EFBC}") = "Task2", "Task2\Task2.csproj", "{AB2CDD02-0003-4CFB-8D6E-D35F23F9FD01}"
EndProject
Project("{FAE04EC0-301F-11D3-BF4B-00C04F79EFBC}") = "Task3", "Task3\Task3.csproj", "{E594F5A8-069B-4163-993B-A0E87A18C23E}"
EndProject
Project("{FAE04EC0-301F-11D3-BF4B-00C04F79EFBC}") = "Exercise1", "Exercise1\Exercise1.csproj", "{717ED915-3BB7-403C-BABC-19458B3619A2}"
EndProject
Project("{FAE04EC0-301F-11D3-BF4B-00C04F79EFBC}") = "Exercise2", "Exercise@\Exercise2.csproj", "{A0A228A7-474A-4616-A4BC-2D9C611856D5}"
EndProject
Project("{FAE04EC0-301F-11D3-BF4B-00C04F79EFBC}") = "Exercise3", "Exercise3\Exercise3.csproj", "{3E41CA98-D721-4B69-BF06-882E8E936BE7}"
EndProject
Project("{FAE04EC0-301F-11D3-BF4B-00C04F79EFBC}") = "Exercise4", "Exercise4\Exercise4.csproj", "{CB4598B5-20CD-49FE-A757-4AE30157E531}"
EndProject
Global
	GlobalSection(SolutionConfigurationPlatforms) = preSolution
		Debug|Any CPU = Debug|Any CPU
		Release|Any CPU = Release|Any CPU
	EndGlobalSection
	GlobalSection(ProjectConfigurationPlatforms) = postSolution
		{824557B5-705B-42FF-97EC-07717FF0C6C5}.Debug|Any CPU.ActiveCfg = Debug|Any CPU
		{824557B5-705B-42FF-97EC-07717FF0C6C5}.Debug|Any CPU.Build.0 = Debug|Any CPU
		{824557B5-705B-42FF-97EC-07717FF0C6C5}.Release|Any CPU.ActiveCfg = Release|Any CPU
		{824557B5-705B-42FF-97EC-07717FF0C6C5}.Release|Any CPU.Build.0 = Release|Any CPU
		{AB2CDD02-0003-4CFB-8D6E-D35F23F9FD01}.Debug|Any CPU.ActiveCfg = Debug|Any CPU
		{AB2CDD02-0003-4CFB-8D6E-D35F23F9FD01}.Debug|Any CPU.Build.0 = Debug|Any CPU
		{AB2CDD02-0003-4CFB-8D6E-D35F23F9FD01}.Release|Any CPU.ActiveCfg = Release|Any CPU
		{AB2CDD02-0003-4CFB-8D6E-D35F23F9FD01}.Release|Any CPU.Build.0 = Release|Any CPU
		{E594F5A8-069B-4163-993B-A0E87A18C23E}.Debug|Any CPU.ActiveCfg = Debug|Any CPU
		{E594F5A8-069B-4163-993B-A0E87A18C23E}.Debug|Any CPU.Build.0 = Debug|Any CPU
		{E594F5A8-069B-4163-993B-A0E87A18C23E}.Release|Any CPU.ActiveCfg = Release|Any CPU
		{E594F5A8-069B-4163-993B-A0E87A18C23E}.Release|Any CPU.Build.0 = Release|Any CPU
		{717ED915-3BB7-403C-BABC-19458B3619A2}.Debug|Any CPU.ActiveCfg = Debug|Any CPU
		{717ED915-3BB7-403C-BABC-19458B3619A2}.Debug|Any CPU.Build.0 = Debug|Any CPU
		{717ED915-3BB7-403C-BABC-19458B3619A2}.Release|Any CPU.ActiveCfg = Release|Any CPU
		{717ED915-3BB7-403C-BABC-19458B3619A2}.Release|Any CPU.Build.0 = Release|Any CPU
		{A0A228A7-474A-4616-A4BC-2D9C611856D5}.Debug|Any CPU.ActiveCfg = Debug|Any CPU
		{A0A228A7-474A-4616-A4BC-2D9C611856D5}.Debug|Any CPU.Build.0 = Debug|Any CPU
		{A0A228A7-474A-4616-A4BC-2D9C611856D5}.Release|Any CPU.ActiveCfg = Release|Any CPU
		{A0A228A7-474A-4616-A4BC-2D9C611856D5}.Release|Any CPU.Build.0 = Release|Any CPU
		{3E41CA98-D721-4B69-BF06-882E8E936BE7}.Debug|Any CPU.ActiveCfg = Debug|Any CPU
		{3E41CA98-D721-4B69-BF06-882E8E936BE7}.Debug|Any CPU.Build.0 = Debug|Any CPU
		{3E41CA98-D721-4B69-BF06-882E8E936BE7}.Release|Any CPU.ActiveCfg = Release|Any CPU
		{3E41CA98-D721-4B69-BF06-882E8E936BE7}.Release|Any CPU.Build.0 = Release|Any CPU
		{CB4598B5-20CD-49FE-A757-4AE30157E531}.Debug|Any CPU.ActiveCfg = Debug|Any CPU
		{CB4598B5-20CD-49FE-A757-4AE30157E531}.Debug|Any CPU.Build.0 = Debug|Any CPU
		{CB4598B5-20CD-49FE-A757-4AE30157E531}.Release|Any CPU.ActiveCfg = Release|Any CPU
		{CB4598B5-20CD-49FE-A757-4AE30157E531}.Release|Any CPU.Build.0 = Release|Any CPU
	EndGlobalSection
	GlobalSection(SolutionProperties) = preSolution
		HideSolutionNode = FALSE
	EndGlobalSection
	GlobalSection(ExtensibilityGlobals) = postSolution
		SolutionGuid = {3D2A2E40-E5FB-4DC0-B3E0-16AF4B9679AC}
	EndGlobalSection
EndGlobal
