
Microsoft Visual Studio Solution File, Format Version 12.00
# Visual Studio Version 17
VisualStudioVersion = 17.9.34728.123
MinimumVisualStudioVersion = 10.0.40219.1
Project("{FAE04EC0-301F-11D3-BF4B-00C04F79EFBC}") = "Task2", "Task2\Task2.csproj", "{66FC543B-7612-423B-8157-03B2F1BA165A}"
EndProject
Global
	GlobalSection(SolutionConfigurationPlatforms) = preSolution
		Debug|Any CPU = Debug|Any CPU
		Release|Any CPU = Release|Any CPU
	EndGlobalSection
	GlobalSection(ProjectConfigurationPlatforms) = postSolution
		{66FC543B-7612-423B-8157-03B2F1BA165A}.Debug|Any CPU.ActiveCfg = Debug|Any CPU
		{66FC543B-7612-423B-8157-03B2F1BA165A}.Debug|Any CPU.Build.0 = Debug|Any CPU
		{66FC543B-7612-423B-8157-03B2F1BA165A}.Release|Any CPU.ActiveCfg = Release|Any CPU
		{66FC543B-7612-423B-8157-03B2F1BA165A}.Release|Any CPU.Build.0 = Release|Any CPU
	EndGlobalSection
	GlobalSection(SolutionProperties) = preSolution
		HideSolutionNode = FALSE
	EndGlobalSection
	GlobalSection(ExtensibilityGlobals) = postSolution
		SolutionGuid = {23B3D7C2-1841-4782-BD0F-8022A3B01207}
	EndGlobalSection
EndGlobal
