
Microsoft Visual Studio Solution File, Format Version 12.00
# Visual Studio Version 17
VisualStudioVersion = 17.9.34728.123
MinimumVisualStudioVersion = 10.0.40219.1
Project("{FAE04EC0-301F-11D3-BF4B-00C04F79EFBC}") = "Task1", "Task1\Task1.csproj", "{9F245158-E686-4085-835C-D7D898C0B66C}"
EndProject
Project("{FAE04EC0-301F-11D3-BF4B-00C04F79EFBC}") = "Task2", "Task2\Task2.csproj", "{499B4FEC-65F2-404A-B599-4B541E5FAA5F}"
EndProject
Global
	GlobalSection(SolutionConfigurationPlatforms) = preSolution
		Debug|Any CPU = Debug|Any CPU
		Release|Any CPU = Release|Any CPU
	EndGlobalSection
	GlobalSection(ProjectConfigurationPlatforms) = postSolution
		{9F245158-E686-4085-835C-D7D898C0B66C}.Debug|Any CPU.ActiveCfg = Debug|Any CPU
		{9F245158-E686-4085-835C-D7D898C0B66C}.Debug|Any CPU.Build.0 = Debug|Any CPU
		{9F245158-E686-4085-835C-D7D898C0B66C}.Release|Any CPU.ActiveCfg = Release|Any CPU
		{9F245158-E686-4085-835C-D7D898C0B66C}.Release|Any CPU.Build.0 = Release|Any CPU
		{499B4FEC-65F2-404A-B599-4B541E5FAA5F}.Debug|Any CPU.ActiveCfg = Debug|Any CPU
		{499B4FEC-65F2-404A-B599-4B541E5FAA5F}.Debug|Any CPU.Build.0 = Debug|Any CPU
		{499B4FEC-65F2-404A-B599-4B541E5FAA5F}.Release|Any CPU.ActiveCfg = Release|Any CPU
		{499B4FEC-65F2-404A-B599-4B541E5FAA5F}.Release|Any CPU.Build.0 = Release|Any CPU
	EndGlobalSection
	GlobalSection(SolutionProperties) = preSolution
		HideSolutionNode = FALSE
	EndGlobalSection
	GlobalSection(ExtensibilityGlobals) = postSolution
		SolutionGuid = {5DE80D86-295D-4E21-AF87-9E2D0139C69F}
	EndGlobalSection
EndGlobal
