
Microsoft Visual Studio Solution File, Format Version 12.00
# Visual Studio Version 17
VisualStudioVersion = 17.9.34728.123
MinimumVisualStudioVersion = 10.0.40219.1
Project("{FAE04EC0-301F-11D3-BF4B-00C04F79EFBC}") = "Task1", "Task1\Task1.csproj", "{A2E2B21D-54A5-45C3-9E88-A66EFAFF3448}"
EndProject
Global
	GlobalSection(SolutionConfigurationPlatforms) = preSolution
		Debug|Any CPU = Debug|Any CPU
		Release|Any CPU = Release|Any CPU
	EndGlobalSection
	GlobalSection(ProjectConfigurationPlatforms) = postSolution
		{A2E2B21D-54A5-45C3-9E88-A66EFAFF3448}.Debug|Any CPU.ActiveCfg = Debug|Any CPU
		{A2E2B21D-54A5-45C3-9E88-A66EFAFF3448}.Debug|Any CPU.Build.0 = Debug|Any CPU
		{A2E2B21D-54A5-45C3-9E88-A66EFAFF3448}.Release|Any CPU.ActiveCfg = Release|Any CPU
		{A2E2B21D-54A5-45C3-9E88-A66EFAFF3448}.Release|Any CPU.Build.0 = Release|Any CPU
	EndGlobalSection
	GlobalSection(SolutionProperties) = preSolution
		HideSolutionNode = FALSE
	EndGlobalSection
	GlobalSection(ExtensibilityGlobals) = postSolution
		SolutionGuid = {2C2061C3-7508-4B39-9020-41C84FBF98F1}
	EndGlobalSection
EndGlobal
